
Microsoft Visual Studio Solution File, Format Version 12.00
# Visual Studio Version 17
VisualStudioVersion = 17.5.33516.290
MinimumVisualStudioVersion = 10.0.40219.1
Project("{FAE04EC0-301F-11D3-BF4B-00C04F79EFBC}") = "NTSG.One", "NTSG.One\NTSG.One.csproj", "{0A327036-3565-422C-994B-95B85AAD2C9D}"
EndProject
Project("{FAE04EC0-301F-11D3-BF4B-00C04F79EFBC}") = "NTSG.Two", "NTSG.Two\NTSG.Two.csproj", "{1E5357E4-7821-4432-9847-D4A87FFDFBEB}"
EndProject
Project("{FAE04EC0-301F-11D3-BF4B-00C04F79EFBC}") = "NTSG.Three", "NTSG.Three\NTSG.Three.csproj", "{4021A9B3-8E19-4DB2-8560-0CB0D63BF1A8}"
EndProject
Global
	GlobalSection(SolutionConfigurationPlatforms) = preSolution
		Debug|Any CPU = Debug|Any CPU
		Release|Any CPU = Release|Any CPU
	EndGlobalSection
	GlobalSection(ProjectConfigurationPlatforms) = postSolution
		{0A327036-3565-422C-994B-95B85AAD2C9D}.Debug|Any CPU.ActiveCfg = Debug|Any CPU
		{0A327036-3565-422C-994B-95B85AAD2C9D}.Debug|Any CPU.Build.0 = Debug|Any CPU
		{0A327036-3565-422C-994B-95B85AAD2C9D}.Release|Any CPU.ActiveCfg = Release|Any CPU
		{0A327036-3565-422C-994B-95B85AAD2C9D}.Release|Any CPU.Build.0 = Release|Any CPU
		{1E5357E4-7821-4432-9847-D4A87FFDFBEB}.Debug|Any CPU.ActiveCfg = Debug|Any CPU
		{1E5357E4-7821-4432-9847-D4A87FFDFBEB}.Debug|Any CPU.Build.0 = Debug|Any CPU
		{1E5357E4-7821-4432-9847-D4A87FFDFBEB}.Release|Any CPU.ActiveCfg = Release|Any CPU
		{1E5357E4-7821-4432-9847-D4A87FFDFBEB}.Release|Any CPU.Build.0 = Release|Any CPU
		{4021A9B3-8E19-4DB2-8560-0CB0D63BF1A8}.Debug|Any CPU.ActiveCfg = Debug|Any CPU
		{4021A9B3-8E19-4DB2-8560-0CB0D63BF1A8}.Debug|Any CPU.Build.0 = Debug|Any CPU
		{4021A9B3-8E19-4DB2-8560-0CB0D63BF1A8}.Release|Any CPU.ActiveCfg = Release|Any CPU
		{4021A9B3-8E19-4DB2-8560-0CB0D63BF1A8}.Release|Any CPU.Build.0 = Release|Any CPU
	EndGlobalSection
	GlobalSection(SolutionProperties) = preSolution
		HideSolutionNode = FALSE
	EndGlobalSection
	GlobalSection(ExtensibilityGlobals) = postSolution
		SolutionGuid = {94F28F3E-CDF3-4459-AD9C-690EAAB965B1}
	EndGlobalSection
EndGlobal
